
Microsoft Visual Studio Solution File, Format Version 11.00
# Visual Studio 2010
Project("{FAE04EC0-301F-11D3-BF4B-00C04F79EFBC}") = "Assembly-CSharp", "Assembly-CSharp.csproj", "{FFA9CA89-5BED-B937-EBE4-F5995EE535C9}"
EndProject
Global
	GlobalSection(SolutionConfigurationPlatforms) = preSolution
		Debug|Any CPU = Debug|Any CPU
		Release|Any CPU = Release|Any CPU
	EndGlobalSection
	GlobalSection(ProjectConfigurationPlatforms) = postSolution
		{FFA9CA89-5BED-B937-EBE4-F5995EE535C9}.Debug|Any CPU.ActiveCfg = Debug|Any CPU
		{FFA9CA89-5BED-B937-EBE4-F5995EE535C9}.Debug|Any CPU.Build.0 = Debug|Any CPU
		{FFA9CA89-5BED-B937-EBE4-F5995EE535C9}.Release|Any CPU.ActiveCfg = Release|Any CPU
		{FFA9CA89-5BED-B937-EBE4-F5995EE535C9}.Release|Any CPU.Build.0 = Release|Any CPU
	EndGlobalSection
	GlobalSection(SolutionProperties) = preSolution
		HideSolutionNode = FALSE
	EndGlobalSection
EndGlobal
